// !$*UTF8*$!
{
	archiveVersion = 1;
	classes = {
	};
	objectVersion = 56;
	objects = {

/* Begin PBXBuildFile section */
		5D281D372B8A4DF1001C47F3 /* ImageParellx_vertical_horizentalApp.swift in Sources */ = {isa = PBXBuildFile; fileRef = 5D281D362B8A4DF1001C47F3 /* ImageParellx_vertical_horizentalApp.swift */; };
		5D281D392B8A4DF1001C47F3 /* ContentView.swift in Sources */ = {isa = PBXBuildFile; fileRef = 5D281D382B8A4DF1001C47F3 /* ContentView.swift */; };
		5D281D3B2B8A4DF4001C47F3 /* Assets.xcassets in Resources */ = {isa = PBXBuildFile; fileRef = 5D281D3A2B8A4DF4001C47F3 /* Assets.xcassets */; };
		5D281D3E2B8A4DF4001C47F3 /* Preview Assets.xcassets in Resources */ = {isa = PBXBuildFile; fileRef = 5D281D3D2B8A4DF4001C47F3 /* Preview Assets.xcassets */; };
		5D281D482B8A4DF4001C47F3 /* ImageParellx_vertical_horizentalTests.swift in Sources */ = {isa = PBXBuildFile; fileRef = 5D281D472B8A4DF4001C47F3 /* ImageParellx_vertical_horizentalTests.swift */; };
		5D281D522B8A4DF4001C47F3 /* ImageParellx_vertical_horizentalUITests.swift in Sources */ = {isa = PBXBuildFile; fileRef = 5D281D512B8A4DF4001C47F3 /* ImageParellx_vertical_horizentalUITests.swift */; };
		5D281D542B8A4DF4001C47F3 /* ImageParellx_vertical_horizentalUITestsLaunchTests.swift in Sources */ = {isa = PBXBuildFile; fileRef = 5D281D532B8A4DF4001C47F3 /* ImageParellx_vertical_horizentalUITestsLaunchTests.swift */; };
/* End PBXBuildFile section */

/* Begin PBXContainerItemProxy section */
		5D281D442B8A4DF4001C47F3 /* PBXContainerItemProxy */ = {
			isa = PBXContainerItemProxy;
			containerPortal = 5D281D2B2B8A4DF0001C47F3 /* Project object */;
			proxyType = 1;
			remoteGlobalIDString = 5D281D322B8A4DF1001C47F3;
			remoteInfo = ImageParellx_vertical_horizental;
		};
		5D281D4E2B8A4DF4001C47F3 /* PBXContainerItemProxy */ = {
			isa = PBXContainerItemProxy;
			containerPortal = 5D281D2B2B8A4DF0001C47F3 /* Project object */;
			proxyType = 1;
			remoteGlobalIDString = 5D281D322B8A4DF1001C47F3;
			remoteInfo = ImageParellx_vertical_horizental;
		};
/* End PBXContainerItemProxy section */

/* Begin PBXFileReference section */
		5D281D332B8A4DF1001C47F3 /* ImageParellx_vertical_horizental.app */ = {isa = PBXFileReference; explicitFileType = wrapper.application; includeInIndex = 0; path = ImageParellx_vertical_horizental.app; sourceTree = BUILT_PRODUCTS_DIR; };
		5D281D362B8A4DF1001C47F3 /* ImageParellx_vertical_horizentalApp.swift */ = {isa = PBXFileReference; lastKnownFileType = sourcecode.swift; path = ImageParellx_vertical_horizentalApp.swift; sourceTree = "<group>"; };
		5D281D382B8A4DF1001C47F3 /* ContentView.swift */ = {isa = PBXFileReference; lastKnownFileType = sourcecode.swift; path = ContentView.swift; sourceTree = "<group>"; };
		5D281D3A2B8A4DF4001C47F3 /* Assets.xcassets */ = {isa = PBXFileReference; lastKnownFileType = folder.assetcatalog; path = Assets.xcassets; sourceTree = "<group>"; };
		5D281D3D2B8A4DF4001C47F3 /* Preview Assets.xcassets */ = {isa = PBXFileReference; lastKnownFileType = folder.assetcatalog; path = "Preview Assets.xcassets"; sourceTree = "<group>"; };
		5D281D432B8A4DF4001C47F3 /* ImageParellx_vertical_horizentalTests.xctest */ = {isa = PBXFileReference; explicitFileType = wrapper.cfbundle; includeInIndex = 0; path = ImageParellx_vertical_horizentalTests.xctest; sourceTree = BUILT_PRODUCTS_DIR; };
		5D281D472B8A4DF4001C47F3 /* ImageParellx_vertical_horizentalTests.swift */ = {isa = PBXFileReference; lastKnownFileType = sourcecode.swift; path = ImageParellx_vertical_horizentalTests.swift; sourceTree = "<group>"; };
		5D281D4D2B8A4DF4001C47F3 /* ImageParellx_vertical_horizentalUITests.xctest */ = {isa = PBXFileReference; explicitFileType = wrapper.cfbundle; includeInIndex = 0; path = ImageParellx_vertical_horizentalUITests.xctest; sourceTree = BUILT_PRODUCTS_DIR; };
		5D281D512B8A4DF4001C47F3 /* ImageParellx_vertical_horizentalUITests.swift */ = {isa = PBXFileReference; lastKnownFileType = sourcecode.swift; path = ImageParellx_vertical_horizentalUITests.swift; sourceTree = "<group>"; };
		5D281D532B8A4DF4001C47F3 /* ImageParellx_vertical_horizentalUITestsLaunchTests.swift */ = {isa = PBXFileReference; lastKnownFileType = sourcecode.swift; path = ImageParellx_vertical_horizentalUITestsLaunchTests.swift; sourceTree = "<group>"; };
/* End PBXFileReference section */

/* Begin PBXFrameworksBuildPhase section */
		5D281D302B8A4DF1001C47F3 /* Frameworks */ = {
			isa = PBXFrameworksBuildPhase;
			buildActionMask = 2147483647;
			files = (
			);
			runOnlyForDeploymentPostprocessing = 0;
		};
		5D281D402B8A4DF4001C47F3 /* Frameworks */ = {
			isa = PBXFrameworksBuildPhase;
			buildActionMask = 2147483647;
			files = (
			);
			runOnlyForDeploymentPostprocessing = 0;
		};
		5D281D4A2B8A4DF4001C47F3 /* Frameworks */ = {
			isa = PBXFrameworksBuildPhase;
			buildActionMask = 2147483647;
			files = (
			);
			runOnlyForDeploymentPostprocessing = 0;
		};
/* End PBXFrameworksBuildPhase section */

/* Begin PBXGroup section */
		5D281D2A2B8A4DF0001C47F3 = {
			isa = PBXGroup;
			children = (
				5D281D352B8A4DF1001C47F3 /* ImageParellx_vertical_horizental */,
				5D281D462B8A4DF4001C47F3 /* ImageParellx_vertical_horizentalTests */,
				5D281D502B8A4DF4001C47F3 /* ImageParellx_vertical_horizentalUITests */,
				5D281D342B8A4DF1001C47F3 /* Products */,
			);
			sourceTree = "<group>";
		};
		5D281D342B8A4DF1001C47F3 /* Products */ = {
			isa = PBXGroup;
			children = (
				5D281D332B8A4DF1001C47F3 /* ImageParellx_vertical_horizental.app */,
				5D281D432B8A4DF4001C47F3 /* ImageParellx_vertical_horizentalTests.xctest */,
				5D281D4D2B8A4DF4001C47F3 /* ImageParellx_vertical_horizentalUITests.xctest */,
			);
			name = Products;
			sourceTree = "<group>";
		};
		5D281D352B8A4DF1001C47F3 /* ImageParellx_vertical_horizental */ = {
			isa = PBXGroup;
			children = (
				5D281D362B8A4DF1001C47F3 /* ImageParellx_vertical_horizentalApp.swift */,
				5D281D382B8A4DF1001C47F3 /* ContentView.swift */,
				5D281D3A2B8A4DF4001C47F3 /* Assets.xcassets */,
				5D281D3C2B8A4DF4001C47F3 /* Preview Content */,
			);
			path = ImageParellx_vertical_horizental;
			sourceTree = "<group>";
		};
		5D281D3C2B8A4DF4001C47F3 /* Preview Content */ = {
			isa = PBXGroup;
			children = (
				5D281D3D2B8A4DF4001C47F3 /* Preview Assets.xcassets */,
			);
			path = "Preview Content";
			sourceTree = "<group>";
		};
		5D281D462B8A4DF4001C47F3 /* ImageParellx_vertical_horizentalTests */ = {
			isa = PBXGroup;
			children = (
				5D281D472B8A4DF4001C47F3 /* ImageParellx_vertical_horizentalTests.swift */,
			);
			path = ImageParellx_vertical_horizentalTests;
			sourceTree = "<group>";
		};
		5D281D502B8A4DF4001C47F3 /* ImageParellx_vertical_horizentalUITests */ = {
			isa = PBXGroup;
			children = (
				5D281D512B8A4DF4001C47F3 /* ImageParellx_vertical_horizentalUITests.swift */,
				5D281D532B8A4DF4001C47F3 /* ImageParellx_vertical_horizentalUITestsLaunchTests.swift */,
			);
			path = ImageParellx_vertical_horizentalUITests;
			sourceTree = "<group>";
		};
/* End PBXGroup section */

/* Begin PBXNativeTarget section */
		5D281D322B8A4DF1001C47F3 /* ImageParellx_vertical_horizental */ = {
			isa = PBXNativeTarget;
			buildConfigurationList = 5D281D572B8A4DF4001C47F3 /* Build configuration list for PBXNativeTarget "ImageParellx_vertical_horizental" */;
			buildPhases = (
				5D281D2F2B8A4DF1001C47F3 /* Sources */,
				5D281D302B8A4DF1001C47F3 /* Frameworks */,
				5D281D312B8A4DF1001C47F3 /* Resources */,
			);
			buildRules = (
			);
			dependencies = (
			);
			name = ImageParellx_vertical_horizental;
			productName = ImageParellx_vertical_horizental;
			productReference = 5D281D332B8A4DF1001C47F3 /* ImageParellx_vertical_horizental.app */;
			productType = "com.apple.product-type.application";
		};
		5D281D422B8A4DF4001C47F3 /* ImageParellx_vertical_horizentalTests */ = {
			isa = PBXNativeTarget;
			buildConfigurationList = 5D281D5A2B8A4DF4001C47F3 /* Build configuration list for PBXNativeTarget "ImageParellx_vertical_horizentalTests" */;
			buildPhases = (
				5D281D3F2B8A4DF4001C47F3 /* Sources */,
				5D281D402B8A4DF4001C47F3 /* Frameworks */,
				5D281D412B8A4DF4001C47F3 /* Resources */,
			);
			buildRules = (
			);
			dependencies = (
				5D281D452B8A4DF4001C47F3 /* PBXTargetDependency */,
			);
			name = ImageParellx_vertical_horizentalTests;
			productName = ImageParellx_vertical_horizentalTests;
			productReference = 5D281D432B8A4DF4001C47F3 /* ImageParellx_vertical_horizentalTests.xctest */;
			productType = "com.apple.product-type.bundle.unit-test";
		};
		5D281D4C2B8A4DF4001C47F3 /* ImageParellx_vertical_horizentalUITests */ = {
			isa = PBXNativeTarget;
			buildConfigurationList = 5D281D5D2B8A4DF4001C47F3 /* Build configuration list for PBXNativeTarget "ImageParellx_vertical_horizentalUITests" */;
			buildPhases = (
				5D281D492B8A4DF4001C47F3 /* Sources */,
				5D281D4A2B8A4DF4001C47F3 /* Frameworks */,
				5D281D4B2B8A4DF4001C47F3 /* Resources */,
			);
			buildRules = (
			);
			dependencies = (
				5D281D4F2B8A4DF4001C47F3 /* PBXTargetDependency */,
			);
			name = ImageParellx_vertical_horizentalUITests;
			productName = ImageParellx_vertical_horizentalUITests;
			productReference = 5D281D4D2B8A4DF4001C47F3 /* ImageParellx_vertical_horizentalUITests.xctest */;
			productType = "com.apple.product-type.bundle.ui-testing";
		};
/* End PBXNativeTarget section */

/* Begin PBXProject section */
		5D281D2B2B8A4DF0001C47F3 /* Project object */ = {
			isa = PBXProject;
			attributes = {
				BuildIndependentTargetsInParallel = 1;
				LastSwiftUpdateCheck = 1500;
				LastUpgradeCheck = 1500;
				TargetAttributes = {
					5D281D322B8A4DF1001C47F3 = {
						CreatedOnToolsVersion = 15.0.1;
					};
					5D281D422B8A4DF4001C47F3 = {
						CreatedOnToolsVersion = 15.0.1;
						TestTargetID = 5D281D322B8A4DF1001C47F3;
					};
					5D281D4C2B8A4DF4001C47F3 = {
						CreatedOnToolsVersion = 15.0.1;
						TestTargetID = 5D281D322B8A4DF1001C47F3;
					};
				};
			};
			buildConfigurationList = 5D281D2E2B8A4DF0001C47F3 /* Build configuration list for PBXProject "ImageParellx_vertical_horizental" */;
			compatibilityVersion = "Xcode 14.0";
			developmentRegion = en;
			hasScannedForEncodings = 0;
			knownRegions = (
				en,
				Base,
			);
			mainGroup = 5D281D2A2B8A4DF0001C47F3;
			productRefGroup = 5D281D342B8A4DF1001C47F3 /* Products */;
			projectDirPath = "";
			projectRoot = "";
			targets = (
				5D281D322B8A4DF1001C47F3 /* ImageParellx_vertical_horizental */,
				5D281D422B8A4DF4001C47F3 /* ImageParellx_vertical_horizentalTests */,
				5D281D4C2B8A4DF4001C47F3 /* ImageParellx_vertical_horizentalUITests */,
			);
		};
/* End PBXProject section */

/* Begin PBXResourcesBuildPhase section */
		5D281D312B8A4DF1001C47F3 /* Resources */ = {
			isa = PBXResourcesBuildPhase;
			buildActionMask = 2147483647;
			files = (
				5D281D3E2B8A4DF4001C47F3 /* Preview Assets.xcassets in Resources */,
				5D281D3B2B8A4DF4001C47F3 /* Assets.xcassets in Resources */,
			);
			runOnlyForDeploymentPostprocessing = 0;
		};
		5D281D412B8A4DF4001C47F3 /* Resources */ = {
			isa = PBXResourcesBuildPhase;
			buildActionMask = 2147483647;
			files = (
			);
			runOnlyForDeploymentPostprocessing = 0;
		};
		5D281D4B2B8A4DF4001C47F3 /* Resources */ = {
			isa = PBXResourcesBuildPhase;
			buildActionMask = 2147483647;
			files = (
			);
			runOnlyForDeploymentPostprocessing = 0;
		};
/* End PBXResourcesBuildPhase section */

/* Begin PBXSourcesBuildPhase section */
		5D281D2F2B8A4DF1001C47F3 /* Sources */ = {
			isa = PBXSourcesBuildPhase;
			buildActionMask = 2147483647;
			files = (
				5D281D392B8A4DF1001C47F3 /* ContentView.swift in Sources */,
				5D281D372B8A4DF1001C47F3 /* ImageParellx_vertical_horizentalApp.swift in Sources */,
			);
			runOnlyForDeploymentPostprocessing = 0;
		};
		5D281D3F2B8A4DF4001C47F3 /* Sources */ = {
			isa = PBXSourcesBuildPhase;
			buildActionMask = 2147483647;
			files = (
				5D281D482B8A4DF4001C47F3 /* ImageParellx_vertical_horizentalTests.swift in Sources */,
			);
			runOnlyForDeploymentPostprocessing = 0;
		};
		5D281D492B8A4DF4001C47F3 /* Sources */ = {
			isa = PBXSourcesBuildPhase;
			buildActionMask = 2147483647;
			files = (
				5D281D522B8A4DF4001C47F3 /* ImageParellx_vertical_horizentalUITests.swift in Sources */,
				5D281D542B8A4DF4001C47F3 /* ImageParellx_vertical_horizentalUITestsLaunchTests.swift in Sources */,
			);
			runOnlyForDeploymentPostprocessing = 0;
		};
/* End PBXSourcesBuildPhase section */

/* Begin PBXTargetDependency section */
		5D281D452B8A4DF4001C47F3 /* PBXTargetDependency */ = {
			isa = PBXTargetDependency;
			target = 5D281D322B8A4DF1001C47F3 /* ImageParellx_vertical_horizental */;
			targetProxy = 5D281D442B8A4DF4001C47F3 /* PBXContainerItemProxy */;
		};
		5D281D4F2B8A4DF4001C47F3 /* PBXTargetDependency */ = {
			isa = PBXTargetDependency;
			target = 5D281D322B8A4DF1001C47F3 /* ImageParellx_vertical_horizental */;
			targetProxy = 5D281D4E2B8A4DF4001C47F3 /* PBXContainerItemProxy */;
		};
/* End PBXTargetDependency section */

/* Begin XCBuildConfiguration section */
		5D281D552B8A4DF4001C47F3 /* Debug */ = {
			isa = XCBuildConfiguration;
			buildSettings = {
				ALWAYS_SEARCH_USER_PATHS = NO;
				ASSETCATALOG_COMPILER_GENERATE_SWIFT_ASSET_SYMBOL_EXTENSIONS = YES;
				CLANG_ANALYZER_NONNULL = YES;
				CLANG_ANALYZER_NUMBER_OBJECT_CONVERSION = YES_AGGRESSIVE;
				CLANG_CXX_LANGUAGE_STANDARD = "gnu++20";
				CLANG_ENABLE_MODULES = YES;
				CLANG_ENABLE_OBJC_ARC = YES;
				CLANG_ENABLE_OBJC_WEAK = YES;
				CLANG_WARN_BLOCK_CAPTURE_AUTORELEASING = YES;
				CLANG_WARN_BOOL_CONVERSION = YES;
				CLANG_WARN_COMMA = YES;
				CLANG_WARN_CONSTANT_CONVERSION = YES;
				CLANG_WARN_DEPRECATED_OBJC_IMPLEMENTATIONS = YES;
				CLANG_WARN_DIRECT_OBJC_ISA_USAGE = YES_ERROR;
				CLANG_WARN_DOCUMENTATION_COMMENTS = YES;
				CLANG_WARN_EMPTY_BODY = YES;
				CLANG_WARN_ENUM_CONVERSION = YES;
				CLANG_WARN_INFINITE_RECURSION = YES;
				CLANG_WARN_INT_CONVERSION = YES;
				CLANG_WARN_NON_LITERAL_NULL_CONVERSION = YES;
				CLANG_WARN_OBJC_IMPLICIT_RETAIN_SELF = YES;
				CLANG_WARN_OBJC_LITERAL_CONVERSION = YES;
				CLANG_WARN_OBJC_ROOT_CLASS = YES_ERROR;
				CLANG_WARN_QUOTED_INCLUDE_IN_FRAMEWORK_HEADER = YES;
				CLANG_WARN_RANGE_LOOP_ANALYSIS = YES;
				CLANG_WARN_STRICT_PROTOTYPES = YES;
				CLANG_WARN_SUSPICIOUS_MOVE = YES;
				CLANG_WARN_UNGUARDED_AVAILABILITY = YES_AGGRESSIVE;
				CLANG_WARN_UNREACHABLE_CODE = YES;
				CLANG_WARN__DUPLICATE_METHOD_MATCH = YES;
				COPY_PHASE_STRIP = NO;
				DEBUG_INFORMATION_FORMAT = dwarf;
				ENABLE_STRICT_OBJC_MSGSEND = YES;
				ENABLE_TESTABILITY = YES;
				ENABLE_USER_SCRIPT_SANDBOXING = YES;
				GCC_C_LANGUAGE_STANDARD = gnu17;
				GCC_DYNAMIC_NO_PIC = NO;
				GCC_NO_COMMON_BLOCKS = YES;
				GCC_OPTIMIZATION_LEVEL = 0;
				GCC_PREPROCESSOR_DEFINITIONS = (
					"DEBUG=1",
					"$(inherited)",
				);
				GCC_WARN_64_TO_32_BIT_CONVERSION = YES;
				GCC_WARN_ABOUT_RETURN_TYPE = YES_ERROR;
				GCC_WARN_UNDECLARED_SELECTOR = YES;
				GCC_WARN_UNINITIALIZED_AUTOS = YES_AGGRESSIVE;
				GCC_WARN_UNUSED_FUNCTION = YES;
				GCC_WARN_UNUSED_VARIABLE = YES;
				IPHONEOS_DEPLOYMENT_TARGET = 17.0;
				LOCALIZATION_PREFERS_STRING_CATALOGS = YES;
				MTL_ENABLE_DEBUG_INFO = INCLUDE_SOURCE;
				MTL_FAST_MATH = YES;
				ONLY_ACTIVE_ARCH = YES;
				SDKROOT = iphoneos;
				SWIFT_ACTIVE_COMPILATION_CONDITIONS = "DEBUG $(inherited)";
				SWIFT_OPTIMIZATION_LEVEL = "-Onone";
			};
			name = Debug;
		};
		5D281D562B8A4DF4001C47F3 /* Release */ = {
			isa = XCBuildConfiguration;
			buildSettings = {
				ALWAYS_SEARCH_USER_PATHS = NO;
				ASSETCATALOG_COMPILER_GENERATE_SWIFT_ASSET_SYMBOL_EXTENSIONS = YES;
				CLANG_ANALYZER_NONNULL = YES;
				CLANG_ANALYZER_NUMBER_OBJECT_CONVERSION = YES_AGGRESSIVE;
				CLANG_CXX_LANGUAGE_STANDARD = "gnu++20";
				CLANG_ENABLE_MODULES = YES;
				CLANG_ENABLE_OBJC_ARC = YES;
				CLANG_ENABLE_OBJC_WEAK = YES;
				CLANG_WARN_BLOCK_CAPTURE_AUTORELEASING = YES;
				CLANG_WARN_BOOL_CONVERSION = YES;
				CLANG_WARN_COMMA = YES;
				CLANG_WARN_CONSTANT_CONVERSION = YES;
				CLANG_WARN_DEPRECATED_OBJC_IMPLEMENTATIONS = YES;
				CLANG_WARN_DIRECT_OBJC_ISA_USAGE = YES_ERROR;
				CLANG_WARN_DOCUMENTATION_COMMENTS = YES;
				CLANG_WARN_EMPTY_BODY = YES;
				CLANG_WARN_ENUM_CONVERSION = YES;
				CLANG_WARN_INFINITE_RECURSION = YES;
				CLANG_WARN_INT_CONVERSION = YES;
				CLANG_WARN_NON_LITERAL_NULL_CONVERSION = YES;
				CLANG_WARN_OBJC_IMPLICIT_RETAIN_SELF = YES;
				CLANG_WARN_OBJC_LITERAL_CONVERSION = YES;
				CLANG_WARN_OBJC_ROOT_CLASS = YES_ERROR;
				CLANG_WARN_QUOTED_INCLUDE_IN_FRAMEWORK_HEADER = YES;
				CLANG_WARN_RANGE_LOOP_ANALYSIS = YES;
				CLANG_WARN_STRICT_PROTOTYPES = YES;
				CLANG_WARN_SUSPICIOUS_MOVE = YES;
				CLANG_WARN_UNGUARDED_AVAILABILITY = YES_AGGRESSIVE;
				CLANG_WARN_UNREACHABLE_CODE = YES;
				CLANG_WARN__DUPLICATE_METHOD_MATCH = YES;
				COPY_PHASE_STRIP = NO;
				DEBUG_INFORMATION_FORMAT = "dwarf-with-dsym";
				ENABLE_NS_ASSERTIONS = NO;
				ENABLE_STRICT_OBJC_MSGSEND = YES;
				ENABLE_USER_SCRIPT_SANDBOXING = YES;
				GCC_C_LANGUAGE_STANDARD = gnu17;
				GCC_NO_COMMON_BLOCKS = YES;
				GCC_WARN_64_TO_32_BIT_CONVERSION = YES;
				GCC_WARN_ABOUT_RETURN_TYPE = YES_ERROR;
				GCC_WARN_UNDECLARED_SELECTOR = YES;
				GCC_WARN_UNINITIALIZED_AUTOS = YES_AGGRESSIVE;
				GCC_WARN_UNUSED_FUNCTION = YES;
				GCC_WARN_UNUSED_VARIABLE = YES;
				IPHONEOS_DEPLOYMENT_TARGET = 17.0;
				LOCALIZATION_PREFERS_STRING_CATALOGS = YES;
				MTL_ENABLE_DEBUG_INFO = NO;
				MTL_FAST_MATH = YES;
				SDKROOT = iphoneos;
				SWIFT_COMPILATION_MODE = wholemodule;
				VALIDATE_PRODUCT = YES;
			};
			name = Release;
		};
		5D281D582B8A4DF4001C47F3 /* Debug */ = {
			isa = XCBuildConfiguration;
			buildSettings = {
				ASSETCATALOG_COMPILER_APPICON_NAME = AppIcon;
				ASSETCATALOG_COMPILER_GLOBAL_ACCENT_COLOR_NAME = AccentColor;
				CODE_SIGN_STYLE = Automatic;
				CURRENT_PROJECT_VERSION = 1;
				DEVELOPMENT_ASSET_PATHS = "\"ImageParellx_vertical_horizental/Preview Content\"";
				DEVELOPMENT_TEAM = NB5B4D8982;
				ENABLE_PREVIEWS = YES;
				GENERATE_INFOPLIST_FILE = YES;
				INFOPLIST_KEY_UIApplicationSceneManifest_Generation = YES;
				INFOPLIST_KEY_UIApplicationSupportsIndirectInputEvents = YES;
				INFOPLIST_KEY_UILaunchScreen_Generation = YES;
				INFOPLIST_KEY_UISupportedInterfaceOrientations_iPad = "UIInterfaceOrientationPortrait UIInterfaceOrientationPortraitUpsideDown UIInterfaceOrientationLandscapeLeft UIInterfaceOrientationLandscapeRight";
				INFOPLIST_KEY_UISupportedInterfaceOrientations_iPhone = "UIInterfaceOrientationPortrait UIInterfaceOrientationLandscapeLeft UIInterfaceOrientationLandscapeRight";
				LD_RUNPATH_SEARCH_PATHS = (
					"$(inherited)",
					"@executable_path/Frameworks",
				);
				MARKETING_VERSION = 1.0;
				PRODUCT_BUNDLE_IDENTIFIER = "com.ripon.ImageParellx-vertical-horizental";
				PRODUCT_NAME = "$(TARGET_NAME)";
				SWIFT_EMIT_LOC_STRINGS = YES;
				SWIFT_VERSION = 5.0;
				TARGETED_DEVICE_FAMILY = "1,2";
			};
			name = Debug;
		};
		5D281D592B8A4DF4001C47F3 /* Release */ = {
			isa = XCBuildConfiguration;
			buildSettings = {
				ASSETCATALOG_COMPILER_APPICON_NAME = AppIcon;
				ASSETCATALOG_COMPILER_GLOBAL_ACCENT_COLOR_NAME = AccentColor;
				CODE_SIGN_STYLE = Automatic;
				CURRENT_PROJECT_VERSION = 1;
				DEVELOPMENT_ASSET_PATHS = "\"ImageParellx_vertical_horizental/Preview Content\"";
				DEVELOPMENT_TEAM = NB5B4D8982;
				ENABLE_PREVIEWS = YES;
				GENERATE_INFOPLIST_FILE = YES;
				INFOPLIST_KEY_UIApplicationSceneManifest_Generation = YES;
				INFOPLIST_KEY_UIApplicationSupportsIndirectInputEvents = YES;
				INFOPLIST_KEY_UILaunchScreen_Generation = YES;
				INFOPLIST_KEY_UISupportedInterfaceOrientations_iPad = "UIInterfaceOrientationPortrait UIInterfaceOrientationPortraitUpsideDown UIInterfaceOrientationLandscapeLeft UIInterfaceOrientationLandscapeRight";
				INFOPLIST_KEY_UISupportedInterfaceOrientations_iPhone = "UIInterfaceOrientationPortrait UIInterfaceOrientationLandscapeLeft UIInterfaceOrientationLandscapeRight";
				LD_RUNPATH_SEARCH_PATHS = (
					"$(inherited)",
					"@executable_path/Frameworks",
				);
				MARKETING_VERSION = 1.0;
				PRODUCT_BUNDLE_IDENTIFIER = "com.ripon.ImageParellx-vertical-horizental";
				PRODUCT_NAME = "$(TARGET_NAME)";
				SWIFT_EMIT_LOC_STRINGS = YES;
				SWIFT_VERSION = 5.0;
				TARGETED_DEVICE_FAMILY = "1,2";
			};
			name = Release;
		};
		5D281D5B2B8A4DF4001C47F3 /* Debug */ = {
			isa = XCBuildConfiguration;
			buildSettings = {
				ALWAYS_EMBED_SWIFT_STANDARD_LIBRARIES = YES;
				BUNDLE_LOADER = "$(TEST_HOST)";
				CODE_SIGN_STYLE = Automatic;
				CURRENT_PROJECT_VERSION = 1;
				DEVELOPMENT_TEAM = NB5B4D8982;
				GENERATE_INFOPLIST_FILE = YES;
				IPHONEOS_DEPLOYMENT_TARGET = 17.0;
				MARKETING_VERSION = 1.0;
				PRODUCT_BUNDLE_IDENTIFIER = "com.ripon.ImageParellx-vertical-horizentalTests";
				PRODUCT_NAME = "$(TARGET_NAME)";
				SWIFT_EMIT_LOC_STRINGS = NO;
				SWIFT_VERSION = 5.0;
				TARGETED_DEVICE_FAMILY = "1,2";
				TEST_HOST = "$(BUILT_PRODUCTS_DIR)/ImageParellx_vertical_horizental.app/$(BUNDLE_EXECUTABLE_FOLDER_PATH)/ImageParellx_vertical_horizental";
			};
			name = Debug;
		};
		5D281D5C2B8A4DF4001C47F3 /* Release */ = {
			isa = XCBuildConfiguration;
			buildSettings = {
				ALWAYS_EMBED_SWIFT_STANDARD_LIBRARIES = YES;
				BUNDLE_LOADER = "$(TEST_HOST)";
				CODE_SIGN_STYLE = Automatic;
				CURRENT_PROJECT_VERSION = 1;
				DEVELOPMENT_TEAM = NB5B4D8982;
				GENERATE_INFOPLIST_FILE = YES;
				IPHONEOS_DEPLOYMENT_TARGET = 17.0;
				MARKETING_VERSION = 1.0;
				PRODUCT_BUNDLE_IDENTIFIER = "com.ripon.ImageParellx-vertical-horizentalTests";
				PRODUCT_NAME = "$(TARGET_NAME)";
				SWIFT_EMIT_LOC_STRINGS = NO;
				SWIFT_VERSION = 5.0;
				TARGETED_DEVICE_FAMILY = "1,2";
				TEST_HOST = "$(BUILT_PRODUCTS_DIR)/ImageParellx_vertical_horizental.app/$(BUNDLE_EXECUTABLE_FOLDER_PATH)/ImageParellx_vertical_horizental";
			};
			name = Release;
		};
		5D281D5E2B8A4DF4001C47F3 /* Debug */ = {
			isa = XCBuildConfiguration;
			buildSettings = {
				ALWAYS_EMBED_SWIFT_STANDARD_LIBRARIES = YES;
				CODE_SIGN_STYLE = Automatic;
				CURRENT_PROJECT_VERSION = 1;
				DEVELOPMENT_TEAM = NB5B4D8982;
				GENERATE_INFOPLIST_FILE = YES;
				MARKETING_VERSION = 1.0;
				PRODUCT_BUNDLE_IDENTIFIER = "com.ripon.ImageParellx-vertical-horizentalUITests";
				PRODUCT_NAME = "$(TARGET_NAME)";
				SWIFT_EMIT_LOC_STRINGS = NO;
				SWIFT_VERSION = 5.0;
				TARGETED_DEVICE_FAMILY = "1,2";
				TEST_TARGET_NAME = ImageParellx_vertical_horizental;
			};
			name = Debug;
		};
		5D281D5F2B8A4DF4001C47F3 /* Release */ = {
			isa = XCBuildConfiguration;
			buildSettings = {
				ALWAYS_EMBED_SWIFT_STANDARD_LIBRARIES = YES;
				CODE_SIGN_STYLE = Automatic;
				CURRENT_PROJECT_VERSION = 1;
				DEVELOPMENT_TEAM = NB5B4D8982;
				GENERATE_INFOPLIST_FILE = YES;
				MARKETING_VERSION = 1.0;
				PRODUCT_BUNDLE_IDENTIFIER = "com.ripon.ImageParellx-vertical-horizentalUITests";
				PRODUCT_NAME = "$(TARGET_NAME)";
				SWIFT_EMIT_LOC_STRINGS = NO;
				SWIFT_VERSION = 5.0;
				TARGETED_DEVICE_FAMILY = "1,2";
				TEST_TARGET_NAME = ImageParellx_vertical_horizental;
			};
			name = Release;
		};
/* End XCBuildConfiguration section */

/* Begin XCConfigurationList section */
		5D281D2E2B8A4DF0001C47F3 /* Build configuration list for PBXProject "ImageParellx_vertical_horizental" */ = {
			isa = XCConfigurationList;
			buildConfigurations = (
				5D281D552B8A4DF4001C47F3 /* Debug */,
				5D281D562B8A4DF4001C47F3 /* Release */,
			);
			defaultConfigurationIsVisible = 0;
			defaultConfigurationName = Release;
		};
		5D281D572B8A4DF4001C47F3 /* Build configuration list for PBXNativeTarget "ImageParellx_vertical_horizental" */ = {
			isa = XCConfigurationList;
			buildConfigurations = (
				5D281D582B8A4DF4001C47F3 /* Debug */,
				5D281D592B8A4DF4001C47F3 /* Release */,
			);
			defaultConfigurationIsVisible = 0;
			defaultConfigurationName = Release;
		};
		5D281D5A2B8A4DF4001C47F3 /* Build configuration list for PBXNativeTarget "ImageParellx_vertical_horizentalTests" */ = {
			isa = XCConfigurationList;
			buildConfigurations = (
				5D281D5B2B8A4DF4001C47F3 /* Debug */,
				5D281D5C2B8A4DF4001C47F3 /* Release */,
			);
			defaultConfigurationIsVisible = 0;
			defaultConfigurationName = Release;
		};
		5D281D5D2B8A4DF4001C47F3 /* Build configuration list for PBXNativeTarget "ImageParellx_vertical_horizentalUITests" */ = {
			isa = XCConfigurationList;
			buildConfigurations = (
				5D281D5E2B8A4DF4001C47F3 /* Debug */,
				5D281D5F2B8A4DF4001C47F3 /* Release */,
			);
			defaultConfigurationIsVisible = 0;
			defaultConfigurationName = Release;
		};
/* End XCConfigurationList section */
	};
	rootObject = 5D281D2B2B8A4DF0001C47F3 /* Project object */;
}
